
Microsoft Visual Studio Solution File, Format Version 12.00
# Visual Studio 15
VisualStudioVersion = 15.0.27703.2042
MinimumVisualStudioVersion = 10.0.40219.1
Project("{FAE04EC0-301F-11D3-BF4B-00C04F79EFBC}") = "ProjectWinForm", "ProjectWinForm\ProjectWinForm.csproj", "{7CC65AFC-A5DA-4EE7-B76E-B32DB68FF198}"
EndProject
Project("{FAE04EC0-301F-11D3-BF4B-00C04F79EFBC}") = "VtorayaForma", "VtorayaForma\VtorayaForma.csproj", "{2BA31487-D8A6-48A7-958A-21BF8A686BB5}"
EndProject
Global
	GlobalSection(SolutionConfigurationPlatforms) = preSolution
		Debug|Any CPU = Debug|Any CPU
		Release|Any CPU = Release|Any CPU
	EndGlobalSection
	GlobalSection(ProjectConfigurationPlatforms) = postSolution
		{7CC65AFC-A5DA-4EE7-B76E-B32DB68FF198}.Debug|Any CPU.ActiveCfg = Debug|Any CPU
		{7CC65AFC-A5DA-4EE7-B76E-B32DB68FF198}.Debug|Any CPU.Build.0 = Debug|Any CPU
		{7CC65AFC-A5DA-4EE7-B76E-B32DB68FF198}.Release|Any CPU.ActiveCfg = Release|Any CPU
		{7CC65AFC-A5DA-4EE7-B76E-B32DB68FF198}.Release|Any CPU.Build.0 = Release|Any CPU
		{2BA31487-D8A6-48A7-958A-21BF8A686BB5}.Debug|Any CPU.ActiveCfg = Debug|Any CPU
		{2BA31487-D8A6-48A7-958A-21BF8A686BB5}.Debug|Any CPU.Build.0 = Debug|Any CPU
		{2BA31487-D8A6-48A7-958A-21BF8A686BB5}.Release|Any CPU.ActiveCfg = Release|Any CPU
		{2BA31487-D8A6-48A7-958A-21BF8A686BB5}.Release|Any CPU.Build.0 = Release|Any CPU
	EndGlobalSection
	GlobalSection(SolutionProperties) = preSolution
		HideSolutionNode = FALSE
	EndGlobalSection
	GlobalSection(ExtensibilityGlobals) = postSolution
		SolutionGuid = {7EE64717-69F4-4061-AD50-F9E8336774BF}
	EndGlobalSection
EndGlobal
